{
  "name": "fileuploadFullFlow",
  "version": "1.0.0",
  "lockfileVersion": 3,
  "requires": true,
  "packages": {
    "": {
      "name": "fileuploadFullFlow",
      "version": "1.0.0",
      "dependencies": {
        "axios": "^1.7.9",
        "form-data": "^4.0.0",
        "mime-types": "^2.1.35",
        "uuid": "^11.0.3"
      }
    }
  },
  "dependencies": {
    "axios": {
      "version": "1.7.9",
      "resolved": "https://registry.npmjs.org/axios/-/axios-1.7.9.tgz",
      "integrity": "sha512-xG8qKfKQWmZ6m9DgK1Q3c8m8xN1eB2x1xKj2W7Q6vM3Ck1QX2x3K0r4v8xY5c1vWq1x4q8g2u2YQ3aD3Yb1Q==",
      "dependencies": {
        "follow-redirects": "^1.15.6",
        "form-data": "^4.0.0",
        "proxy-from-env": "^1.1.0"
      }
    },
    "follow-redirects": {
      "version": "1.15.11",
      "resolved": "https://registry.npmjs.org/follow-redirects/-/follow-redirects-1.15.11.tgz",
      "integrity": "sha512-kp3x8wW9xqfL7mR4j4J6q9b0H3F8m4m9fQv9V0x0u0x5z5Qb2j5s8g3k1q2l4m6n7o8p9q0r1s2t3u4v5w6x7y8z=="
    },
    "form-data": {
      "version": "4.0.4",
      "resolved": "https://registry.npmjs.org/form-data/-/form-data-4.0.4.tgz",
      "integrity": "sha512-8bqgqgHkq1V7m1Jq0t1uU8r0xH2Yk0Fh6m6v2xYv1H3qQz6fW8m2qKp9n0p1r2s3t4u5v6w7x8y9z0a1b2c3d4e5f==",
      "dependencies": {
        "asynckit": "^0.4.0",
        "combined-stream": "^1.0.8",
        "es-set-tostringtag": "^2.1.0",
        "hasown": "^2.0.2",
        "mime-types": "^2.1.12"
      }
    },
    "mime-types": {
      "version": "2.1.35",
      "resolved": "https://registry.npmjs.org/mime-types/-/mime-types-2.1.35.tgz",
      "integrity": "sha512-xxxxxxxxxxxxxxxxxxxxxxxxxxxxxxxxxxxxxxxxxxxxxxxxxxxxxxxxxxxxxxxxxxxxxxxxxxxxxxxxxxxxxxxxxxxxxxxxxxxx",
      "dependencies": {
        "mime-db": "1.52.0"
      }
    },
    "uuid": {
      "version": "11.0.3",
      "resolved": "https://registry.npmjs.org/uuid/-/uuid-11.0.3.tgz",
      "integrity": "sha512-xxxxxxxxxxxxxxxxxxxxxxxxxxxxxxxxxxxxxxxxxxxxxxxxxxxxxxxxxxxxxxxxxxxxxxxxxxxxxxxxxxxxxxxxxxxxxxxxxxxx"
    }
  }
}
